
Microsoft Visual Studio Solution File, Format Version 12.00
# Visual Studio Version 17
VisualStudioVersion = 17.2.32526.322
MinimumVisualStudioVersion = 10.0.40219.1
Project("{9A19103F-16F7-4668-BE54-9A1E7A4F7556}") = "ODBC", "ODBC\ODBC.csproj", "{30E0E2D8-D835-483C-90C3-B5EBCFFCE252}"
EndProject
Global
	GlobalSection(SolutionConfigurationPlatforms) = preSolution
		Debug|Any CPU = Debug|Any CPU
		Release|Any CPU = Release|Any CPU
	EndGlobalSection
	GlobalSection(ProjectConfigurationPlatforms) = postSolution
		{30E0E2D8-D835-483C-90C3-B5EBCFFCE252}.Debug|Any CPU.ActiveCfg = Debug|Any CPU
		{30E0E2D8-D835-483C-90C3-B5EBCFFCE252}.Debug|Any CPU.Build.0 = Debug|Any CPU
		{30E0E2D8-D835-483C-90C3-B5EBCFFCE252}.Release|Any CPU.ActiveCfg = Release|Any CPU
		{30E0E2D8-D835-483C-90C3-B5EBCFFCE252}.Release|Any CPU.Build.0 = Release|Any CPU
	EndGlobalSection
	GlobalSection(SolutionProperties) = preSolution
		HideSolutionNode = FALSE
	EndGlobalSection
	GlobalSection(ExtensibilityGlobals) = postSolution
		SolutionGuid = {21A246A3-C291-4D6D-A4DA-AE04D3C6A724}
	EndGlobalSection
EndGlobal
